PODS:
  - KeyboardFriendlyScrolling (2.0.1)

DEPENDENCIES:
  - KeyboardFriendlyScrolling (from `../`)

EXTERNAL SOURCES:
  KeyboardFriendlyScrolling:
    :path: "../"

SPEC CHECKSUMS:
  KeyboardFriendlyScrolling: 0295d29abc89e3a80a04cd65e6c623e2c4176ec0

PODFILE CHECKSUM: a33f35ed4115e553034008a0f1d03a0fb9012323

COCOAPODS: 1.5.3
