PODS:
  - KeyboardFriendlyScrolling (1.0.0)

DEPENDENCIES:
  - KeyboardFriendlyScrolling (from `../`)

EXTERNAL SOURCES:
  KeyboardFriendlyScrolling:
    :path: ../

SPEC CHECKSUMS:
  KeyboardFriendlyScrolling: 3169cad89582842d91cb84db74245e961206467b

PODFILE CHECKSUM: a33f35ed4115e553034008a0f1d03a0fb9012323

COCOAPODS: 1.3.1
