// !$*UTF8*$!
{
	archiveVersion = 1;
	classes = {
	};
	objectVersion = 48;
	objects = {

/* Begin PBXBuildFile section */
		5BD7E5341FD25CDB006A2017 /* AppDelegate.swift in Sources */ = {isa = PBXBuildFile; fileRef = 5BD7E5331FD25CDB006A2017 /* AppDelegate.swift */; };
		5BD7E5361FD25CDB006A2017 /* ViewController.swift in Sources */ = {isa = PBXBuildFile; fileRef = 5BD7E5351FD25CDB006A2017 /* ViewController.swift */; };
		5BD7E5391FD25CDB006A2017 /* Main.storyboard in Resources */ = {isa = PBXBuildFile; fileRef = 5BD7E5371FD25CDB006A2017 /* Main.storyboard */; };
		5BD7E53B1FD25CDB006A2017 /* Assets.xcassets in Resources */ = {isa = PBXBuildFile; fileRef = 5BD7E53A1FD25CDB006A2017 /* Assets.xcassets */; };
		5BD7E5471FD26490006A2017 /* LaunchScreen.storyboard in Resources */ = {isa = PBXBuildFile; fileRef = 5BD7E5451FD26490006A2017 /* LaunchScreen.storyboard */; };
		6A958A83674702456944106D /* Pods_KeyboardFriendlyScrollingExample.framework in Frameworks */ = {isa = PBXBuildFile; fileRef = 406A57FED9D537EA9CC4F3A2 /* Pods_KeyboardFriendlyScrollingExample.framework */; };
/* End PBXBuildFile section */

/* Begin PBXFileReference section */
		406A57FED9D537EA9CC4F3A2 /* Pods_KeyboardFriendlyScrollingExample.framework */ = {isa = PBXFileReference; explicitFileType = wrapper.framework; includeInIndex = 0; path = Pods_KeyboardFriendlyScrollingExample.framework; sourceTree = BUILT_PRODUCTS_DIR; };
		5BD7E5301FD25CDB006A2017 /* KeyboardFriendlyScrollingExample.app */ = {isa = PBXFileReference; explicitFileType = wrapper.application; includeInIndex = 0; path = KeyboardFriendlyScrollingExample.app; sourceTree = BUILT_PRODUCTS_DIR; };
		5BD7E5331FD25CDB006A2017 /* AppDelegate.swift */ = {isa = PBXFileReference; lastKnownFileType = sourcecode.swift; path = AppDelegate.swift; sourceTree = "<group>"; };
		5BD7E5351FD25CDB006A2017 /* ViewController.swift */ = {isa = PBXFileReference; lastKnownFileType = sourcecode.swift; path = ViewController.swift; sourceTree = "<group>"; };
		5BD7E5381FD25CDB006A2017 /* Base */ = {isa = PBXFileReference; lastKnownFileType = file.storyboard; name = Base; path = Base.lproj/Main.storyboard; sourceTree = "<group>"; };
		5BD7E53A1FD25CDB006A2017 /* Assets.xcassets */ = {isa = PBXFileReference; lastKnownFileType = folder.assetcatalog; path = Assets.xcassets; sourceTree = "<group>"; };
		5BD7E53F1FD25CDB006A2017 /* Info.plist */ = {isa = PBXFileReference; lastKnownFileType = text.plist.xml; path = Info.plist; sourceTree = "<group>"; };
		5BD7E5461FD26490006A2017 /* Base */ = {isa = PBXFileReference; lastKnownFileType = file.storyboard; name = Base; path = Base.lproj/LaunchScreen.storyboard; sourceTree = "<group>"; };
		8752E2A697C2E9D959516E4A /* Pods-KeyboardFriendlyScrollingExample.release.xcconfig */ = {isa = PBXFileReference; includeInIndex = 1; lastKnownFileType = text.xcconfig; name = "Pods-KeyboardFriendlyScrollingExample.release.xcconfig"; path = "Pods/Target Support Files/Pods-KeyboardFriendlyScrollingExample/Pods-KeyboardFriendlyScrollingExample.release.xcconfig"; sourceTree = "<group>"; };
		B76B5D6BE7BE1BEC7CF5F318 /* Pods-KeyboardFriendlyScrollingExample.debug.xcconfig */ = {isa = PBXFileReference; includeInIndex = 1; lastKnownFileType = text.xcconfig; name = "Pods-KeyboardFriendlyScrollingExample.debug.xcconfig"; path = "Pods/Target Support Files/Pods-KeyboardFriendlyScrollingExample/Pods-KeyboardFriendlyScrollingExample.debug.xcconfig"; sourceTree = "<group>"; };
/* End PBXFileReference section */

/* Begin PBXFrameworksBuildPhase section */
		5BD7E52D1FD25CDB006A2017 /* Frameworks */ = {
			isa = PBXFrameworksBuildPhase;
			buildActionMask = 2147483647;
			files = (
				6A958A83674702456944106D /* Pods_KeyboardFriendlyScrollingExample.framework in Frameworks */,
			);
			runOnlyForDeploymentPostprocessing = 0;
		};
/* End PBXFrameworksBuildPhase section */

/* Begin PBXGroup section */
		5BD7E5271FD25CDB006A2017 = {
			isa = PBXGroup;
			children = (
				5BD7E5321FD25CDB006A2017 /* KeyboardFriendlyScrollingExample */,
				5BD7E5311FD25CDB006A2017 /* Products */,
				98E178A8848060442EE1ED7A /* Pods */,
				A27D225FB1E42411BCF927F4 /* Frameworks */,
			);
			sourceTree = "<group>";
		};
		5BD7E5311FD25CDB006A2017 /* Products */ = {
			isa = PBXGroup;
			children = (
				5BD7E5301FD25CDB006A2017 /* KeyboardFriendlyScrollingExample.app */,
			);
			name = Products;
			sourceTree = "<group>";
		};
		5BD7E5321FD25CDB006A2017 /* KeyboardFriendlyScrollingExample */ = {
			isa = PBXGroup;
			children = (
				5BD7E5331FD25CDB006A2017 /* AppDelegate.swift */,
				5BD7E5351FD25CDB006A2017 /* ViewController.swift */,
				5BD7E5451FD26490006A2017 /* LaunchScreen.storyboard */,
				5BD7E5371FD25CDB006A2017 /* Main.storyboard */,
				5BD7E53A1FD25CDB006A2017 /* Assets.xcassets */,
				5BD7E53F1FD25CDB006A2017 /* Info.plist */,
			);
			path = KeyboardFriendlyScrollingExample;
			sourceTree = "<group>";
		};
		98E178A8848060442EE1ED7A /* Pods */ = {
			isa = PBXGroup;
			children = (
				B76B5D6BE7BE1BEC7CF5F318 /* Pods-KeyboardFriendlyScrollingExample.debug.xcconfig */,
				8752E2A697C2E9D959516E4A /* Pods-KeyboardFriendlyScrollingExample.release.xcconfig */,
			);
			name = Pods;
			sourceTree = "<group>";
		};
		A27D225FB1E42411BCF927F4 /* Frameworks */ = {
			isa = PBXGroup;
			children = (
				406A57FED9D537EA9CC4F3A2 /* Pods_KeyboardFriendlyScrollingExample.framework */,
			);
			name = Frameworks;
			sourceTree = "<group>";
		};
/* End PBXGroup section */

/* Begin PBXNativeTarget section */
		5BD7E52F1FD25CDB006A2017 /* KeyboardFriendlyScrollingExample */ = {
			isa = PBXNativeTarget;
			buildConfigurationList = 5BD7E5421FD25CDB006A2017 /* Build configuration list for PBXNativeTarget "KeyboardFriendlyScrollingExample" */;
			buildPhases = (
				61164D18DF5D0D9E129966B0 /* [CP] Check Pods Manifest.lock */,
				5BD7E52C1FD25CDB006A2017 /* Sources */,
				5BD7E52D1FD25CDB006A2017 /* Frameworks */,
				5BD7E52E1FD25CDB006A2017 /* Resources */,
				A8C9B7EC27CA7ADC20D4F12C /* [CP] Embed Pods Frameworks */,
			);
			buildRules = (
			);
			dependencies = (
			);
			name = KeyboardFriendlyScrollingExample;
			productName = KeyboardFriendlyScrollingExample;
			productReference = 5BD7E5301FD25CDB006A2017 /* KeyboardFriendlyScrollingExample.app */;
			productType = "com.apple.product-type.application";
		};
/* End PBXNativeTarget section */

/* Begin PBXProject section */
		5BD7E5281FD25CDB006A2017 /* Project object */ = {
			isa = PBXProject;
			attributes = {
				LastSwiftUpdateCheck = 0910;
				LastUpgradeCheck = 0910;
				TargetAttributes = {
					5BD7E52F1FD25CDB006A2017 = {
						CreatedOnToolsVersion = 9.1;
						ProvisioningStyle = Automatic;
					};
				};
			};
			buildConfigurationList = 5BD7E52B1FD25CDB006A2017 /* Build configuration list for PBXProject "KeyboardFriendlyScrollingExample" */;
			compatibilityVersion = "Xcode 8.0";
			developmentRegion = en;
			hasScannedForEncodings = 0;
			knownRegions = (
				en,
				Base,
			);
			mainGroup = 5BD7E5271FD25CDB006A2017;
			productRefGroup = 5BD7E5311FD25CDB006A2017 /* Products */;
			projectDirPath = "";
			projectRoot = "";
			targets = (
				5BD7E52F1FD25CDB006A2017 /* KeyboardFriendlyScrollingExample */,
			);
		};
/* End PBXProject section */

/* Begin PBXResourcesBuildPhase section */
		5BD7E52E1FD25CDB006A2017 /* Resources */ = {
			isa = PBXResourcesBuildPhase;
			buildActionMask = 2147483647;
			files = (
				5BD7E5471FD26490006A2017 /* LaunchScreen.storyboard in Resources */,
				5BD7E53B1FD25CDB006A2017 /* Assets.xcassets in Resources */,
				5BD7E5391FD25CDB006A2017 /* Main.storyboard in Resources */,
			);
			runOnlyForDeploymentPostprocessing = 0;
		};
/* End PBXResourcesBuildPhase section */

/* Begin PBXShellScriptBuildPhase section */
		61164D18DF5D0D9E129966B0 /* [CP] Check Pods Manifest.lock */ = {
			isa = PBXShellScriptBuildPhase;
			buildActionMask = 2147483647;
			files = (
			);
			inputPaths = (
				"${PODS_PODFILE_DIR_PATH}/Podfile.lock",
				"${PODS_ROOT}/Manifest.lock",
			);
			name = "[CP] Check Pods Manifest.lock";
			outputPaths = (
				"$(DERIVED_FILE_DIR)/Pods-KeyboardFriendlyScrollingExample-checkManifestLockResult.txt",
			);
			runOnlyForDeploymentPostprocessing = 0;
			shellPath = /bin/sh;
			shellScript = "diff \"${PODS_PODFILE_DIR_PATH}/Podfile.lock\" \"${PODS_ROOT}/Manifest.lock\" > /dev/null\nif [ $? != 0 ] ; then\n    # print error to STDERR\n    echo \"error: The sandbox is not in sync with the Podfile.lock. Run 'pod install' or update your CocoaPods installation.\" >&2\n    exit 1\nfi\n# This output is used by Xcode 'outputs' to avoid re-running this script phase.\necho \"SUCCESS\" > \"${SCRIPT_OUTPUT_FILE_0}\"\n";
			showEnvVarsInLog = 0;
		};
		A8C9B7EC27CA7ADC20D4F12C /* [CP] Embed Pods Frameworks */ = {
			isa = PBXShellScriptBuildPhase;
			buildActionMask = 2147483647;
			files = (
			);
			inputPaths = (
				"${SRCROOT}/Pods/Target Support Files/Pods-KeyboardFriendlyScrollingExample/Pods-KeyboardFriendlyScrollingExample-frameworks.sh",
				"${BUILT_PRODUCTS_DIR}/KeyboardFriendlyScrolling/KeyboardFriendlyScrolling.framework",
			);
			name = "[CP] Embed Pods Frameworks";
			outputPaths = (
				"${TARGET_BUILD_DIR}/${FRAMEWORKS_FOLDER_PATH}/KeyboardFriendlyScrolling.framework",
			);
			runOnlyForDeploymentPostprocessing = 0;
			shellPath = /bin/sh;
			shellScript = "\"${SRCROOT}/Pods/Target Support Files/Pods-KeyboardFriendlyScrollingExample/Pods-KeyboardFriendlyScrollingExample-frameworks.sh\"\n";
			showEnvVarsInLog = 0;
		};
/* End PBXShellScriptBuildPhase section */

/* Begin PBXSourcesBuildPhase section */
		5BD7E52C1FD25CDB006A2017 /* Sources */ = {
			isa = PBXSourcesBuildPhase;
			buildActionMask = 2147483647;
			files = (
				5BD7E5361FD25CDB006A2017 /* ViewController.swift in Sources */,
				5BD7E5341FD25CDB006A2017 /* AppDelegate.swift in Sources */,
			);
			runOnlyForDeploymentPostprocessing = 0;
		};
/* End PBXSourcesBuildPhase section */

/* Begin PBXVariantGroup section */
		5BD7E5371FD25CDB006A2017 /* Main.storyboard */ = {
			isa = PBXVariantGroup;
			children = (
				5BD7E5381FD25CDB006A2017 /* Base */,
			);
			name = Main.storyboard;
			sourceTree = "<group>";
		};
		5BD7E5451FD26490006A2017 /* LaunchScreen.storyboard */ = {
			isa = PBXVariantGroup;
			children = (
				5BD7E5461FD26490006A2017 /* Base */,
			);
			name = LaunchScreen.storyboard;
			sourceTree = "<group>";
		};
/* End PBXVariantGroup section */

/* Begin XCBuildConfiguration section */
		5BD7E5401FD25CDB006A2017 /* Debug */ = {
			isa = XCBuildConfiguration;
			buildSettings = {
				ALWAYS_SEARCH_USER_PATHS = NO;
				CLANG_ANALYZER_NONNULL = YES;
				CLANG_ANALYZER_NUMBER_OBJECT_CONVERSION = YES_AGGRESSIVE;
				CLANG_CXX_LANGUAGE_STANDARD = "gnu++14";
				CLANG_CXX_LIBRARY = "libc++";
				CLANG_ENABLE_MODULES = YES;
				CLANG_ENABLE_OBJC_ARC = YES;
				CLANG_WARN_BLOCK_CAPTURE_AUTORELEASING = YES;
				CLANG_WARN_BOOL_CONVERSION = YES;
				CLANG_WARN_COMMA = YES;
				CLANG_WARN_CONSTANT_CONVERSION = YES;
				CLANG_WARN_DIRECT_OBJC_ISA_USAGE = YES_ERROR;
				CLANG_WARN_DOCUMENTATION_COMMENTS = YES;
				CLANG_WARN_EMPTY_BODY = YES;
				CLANG_WARN_ENUM_CONVERSION = YES;
				CLANG_WARN_INFINITE_RECURSION = YES;
				CLANG_WARN_INT_CONVERSION = YES;
				CLANG_WARN_NON_LITERAL_NULL_CONVERSION = YES;
				CLANG_WARN_OBJC_LITERAL_CONVERSION = YES;
				CLANG_WARN_OBJC_ROOT_CLASS = YES_ERROR;
				CLANG_WARN_RANGE_LOOP_ANALYSIS = YES;
				CLANG_WARN_STRICT_PROTOTYPES = YES;
				CLANG_WARN_SUSPICIOUS_MOVE = YES;
				CLANG_WARN_UNGUARDED_AVAILABILITY = YES_AGGRESSIVE;
				CLANG_WARN_UNREACHABLE_CODE = YES;
				CLANG_WARN__DUPLICATE_METHOD_MATCH = YES;
				CODE_SIGN_IDENTITY = "iPhone Developer";
				COPY_PHASE_STRIP = NO;
				DEBUG_INFORMATION_FORMAT = dwarf;
				ENABLE_STRICT_OBJC_MSGSEND = YES;
				ENABLE_TESTABILITY = YES;
				GCC_C_LANGUAGE_STANDARD = gnu11;
				GCC_DYNAMIC_NO_PIC = NO;
				GCC_NO_COMMON_BLOCKS = YES;
				GCC_OPTIMIZATION_LEVEL = 0;
				GCC_PREPROCESSOR_DEFINITIONS = (
					"DEBUG=1",
					"$(inherited)",
				);
				GCC_WARN_64_TO_32_BIT_CONVERSION = YES;
				GCC_WARN_ABOUT_RETURN_TYPE = YES_ERROR;
				GCC_WARN_UNDECLARED_SELECTOR = YES;
				GCC_WARN_UNINITIALIZED_AUTOS = YES_AGGRESSIVE;
				GCC_WARN_UNUSED_FUNCTION = YES;
				GCC_WARN_UNUSED_VARIABLE = YES;
				IPHONEOS_DEPLOYMENT_TARGET = 11.1;
				MTL_ENABLE_DEBUG_INFO = YES;
				ONLY_ACTIVE_ARCH = YES;
				SDKROOT = iphoneos;
				SWIFT_ACTIVE_COMPILATION_CONDITIONS = DEBUG;
				SWIFT_OPTIMIZATION_LEVEL = "-Onone";
			};
			name = Debug;
		};
		5BD7E5411FD25CDB006A2017 /* Release */ = {
			isa = XCBuildConfiguration;
			buildSettings = {
				ALWAYS_SEARCH_USER_PATHS = NO;
				CLANG_ANALYZER_NONNULL = YES;
				CLANG_ANALYZER_NUMBER_OBJECT_CONVERSION = YES_AGGRESSIVE;
				CLANG_CXX_LANGUAGE_STANDARD = "gnu++14";
				CLANG_CXX_LIBRARY = "libc++";
				CLANG_ENABLE_MODULES = YES;
				CLANG_ENABLE_OBJC_ARC = YES;
				CLANG_WARN_BLOCK_CAPTURE_AUTORELEASING = YES;
				CLANG_WARN_BOOL_CONVERSION = YES;
				CLANG_WARN_COMMA = YES;
				CLANG_WARN_CONSTANT_CONVERSION = YES;
				CLANG_WARN_DIRECT_OBJC_ISA_USAGE = YES_ERROR;
				CLANG_WARN_DOCUMENTATION_COMMENTS = YES;
				CLANG_WARN_EMPTY_BODY = YES;
				CLANG_WARN_ENUM_CONVERSION = YES;
				CLANG_WARN_INFINITE_RECURSION = YES;
				CLANG_WARN_INT_CONVERSION = YES;
				CLANG_WARN_NON_LITERAL_NULL_CONVERSION = YES;
				CLANG_WARN_OBJC_LITERAL_CONVERSION = YES;
				CLANG_WARN_OBJC_ROOT_CLASS = YES_ERROR;
				CLANG_WARN_RANGE_LOOP_ANALYSIS = YES;
				CLANG_WARN_STRICT_PROTOTYPES = YES;
				CLANG_WARN_SUSPICIOUS_MOVE = YES;
				CLANG_WARN_UNGUARDED_AVAILABILITY = YES_AGGRESSIVE;
				CLANG_WARN_UNREACHABLE_CODE = YES;
				CLANG_WARN__DUPLICATE_METHOD_MATCH = YES;
				CODE_SIGN_IDENTITY = "iPhone Developer";
				COPY_PHASE_STRIP = NO;
				DEBUG_INFORMATION_FORMAT = "dwarf-with-dsym";
				ENABLE_NS_ASSERTIONS = NO;
				ENABLE_STRICT_OBJC_MSGSEND = YES;
				GCC_C_LANGUAGE_STANDARD = gnu11;
				GCC_NO_COMMON_BLOCKS = YES;
				GCC_WARN_64_TO_32_BIT_CONVERSION = YES;
				GCC_WARN_ABOUT_RETURN_TYPE = YES_ERROR;
				GCC_WARN_UNDECLARED_SELECTOR = YES;
				GCC_WARN_UNINITIALIZED_AUTOS = YES_AGGRESSIVE;
				GCC_WARN_UNUSED_FUNCTION = YES;
				GCC_WARN_UNUSED_VARIABLE = YES;
				IPHONEOS_DEPLOYMENT_TARGET = 11.1;
				MTL_ENABLE_DEBUG_INFO = NO;
				SDKROOT = iphoneos;
				SWIFT_OPTIMIZATION_LEVEL = "-Owholemodule";
				VALIDATE_PRODUCT = YES;
			};
			name = Release;
		};
		5BD7E5431FD25CDB006A2017 /* Debug */ = {
			isa = XCBuildConfiguration;
			baseConfigurationReference = B76B5D6BE7BE1BEC7CF5F318 /* Pods-KeyboardFriendlyScrollingExample.debug.xcconfig */;
			buildSettings = {
				ASSETCATALOG_COMPILER_APPICON_NAME = AppIcon;
				CODE_SIGN_STYLE = Automatic;
				INFOPLIST_FILE = KeyboardFriendlyScrollingExample/Info.plist;
				LD_RUNPATH_SEARCH_PATHS = "$(inherited) @executable_path/Frameworks";
				PRODUCT_BUNDLE_IDENTIFIER = me.morishin.KeyboardFriendlyScrollingExample;
				PRODUCT_NAME = "$(TARGET_NAME)";
				SWIFT_VERSION = 4.2;
				TARGETED_DEVICE_FAMILY = "1,2";
			};
			name = Debug;
		};
		5BD7E5441FD25CDB006A2017 /* Release */ = {
			isa = XCBuildConfiguration;
			baseConfigurationReference = 8752E2A697C2E9D959516E4A /* Pods-KeyboardFriendlyScrollingExample.release.xcconfig */;
			buildSettings = {
				ASSETCATALOG_COMPILER_APPICON_NAME = AppIcon;
				CODE_SIGN_STYLE = Automatic;
				INFOPLIST_FILE = KeyboardFriendlyScrollingExample/Info.plist;
				LD_RUNPATH_SEARCH_PATHS = "$(inherited) @executable_path/Frameworks";
				PRODUCT_BUNDLE_IDENTIFIER = me.morishin.KeyboardFriendlyScrollingExample;
				PRODUCT_NAME = "$(TARGET_NAME)";
				SWIFT_VERSION = 4.2;
				TARGETED_DEVICE_FAMILY = "1,2";
			};
			name = Release;
		};
/* End XCBuildConfiguration section */

/* Begin XCConfigurationList section */
		5BD7E52B1FD25CDB006A2017 /* Build configuration list for PBXProject "KeyboardFriendlyScrollingExample" */ = {
			isa = XCConfigurationList;
			buildConfigurations = (
				5BD7E5401FD25CDB006A2017 /* Debug */,
				5BD7E5411FD25CDB006A2017 /* Release */,
			);
			defaultConfigurationIsVisible = 0;
			defaultConfigurationName = Release;
		};
		5BD7E5421FD25CDB006A2017 /* Build configuration list for PBXNativeTarget "KeyboardFriendlyScrollingExample" */ = {
			isa = XCConfigurationList;
			buildConfigurations = (
				5BD7E5431FD25CDB006A2017 /* Debug */,
				5BD7E5441FD25CDB006A2017 /* Release */,
			);
			defaultConfigurationIsVisible = 0;
			defaultConfigurationName = Release;
		};
/* End XCConfigurationList section */
	};
	rootObject = 5BD7E5281FD25CDB006A2017 /* Project object */;
}
